// !$*UTF8*$!
{
	archiveVersion = 1;
	classes = {
	};
	objectVersion = 46;
	objects = {

/* Begin PBXBuildFile section */
		9FBE2449850AE4E174335E84 /* libPods-MoleNotes.a in Frameworks */ = {isa = PBXBuildFile; fileRef = DA92DE46395E41C24984B093 /* libPods-MoleNotes.a */; };
		D52DEC8B1EA5ABB20047A3B8 /* MLNoteDatas.xcdatamodeld in Sources */ = {isa = PBXBuildFile; fileRef = D52DEC891EA5ABB20047A3B8 /* MLNoteDatas.xcdatamodeld */; };
		D57C38CD1EA5E43F0000F29F /* MLNoteDatas.xcdatamodeld in Resources */ = {isa = PBXBuildFile; fileRef = D52DEC891EA5ABB20047A3B8 /* MLNoteDatas.xcdatamodeld */; };
		D5B582561EA4CA3C00ABB09A /* AppDelegate.m in Sources */ = {isa = PBXBuildFile; fileRef = D5B582231EA4CA3C00ABB09A /* AppDelegate.m */; };
		D5B582571EA4CA3C00ABB09A /* Assets.xcassets in Resources */ = {isa = PBXBuildFile; fileRef = D5B582241EA4CA3C00ABB09A /* Assets.xcassets */; };
		D5B582581EA4CA3C00ABB09A /* LaunchScreen.storyboard in Resources */ = {isa = PBXBuildFile; fileRef = D5B582251EA4CA3C00ABB09A /* LaunchScreen.storyboard */; };
		D5B5825B1EA4CA3C00ABB09A /* main.m in Sources */ = {isa = PBXBuildFile; fileRef = D5B5822C1EA4CA3C00ABB09A /* main.m */; };
		D5B5825D1EA4CA3C00ABB09A /* NSAttributedString+YGTool.m in Sources */ = {isa = PBXBuildFile; fileRef = D5B582351EA4CA3C00ABB09A /* NSAttributedString+YGTool.m */; };
		D5B5825E1EA4CA3C00ABB09A /* NSDate+YGTool.m in Sources */ = {isa = PBXBuildFile; fileRef = D5B582371EA4CA3C00ABB09A /* NSDate+YGTool.m */; };
		D5B5825F1EA4CA3C00ABB09A /* NSObject+YGTool.m in Sources */ = {isa = PBXBuildFile; fileRef = D5B582391EA4CA3C00ABB09A /* NSObject+YGTool.m */; };
		D5B582601EA4CA3C00ABB09A /* NSString+YGTool.m in Sources */ = {isa = PBXBuildFile; fileRef = D5B5823B1EA4CA3C00ABB09A /* NSString+YGTool.m */; };
		D5B582611EA4CA3C00ABB09A /* NSTimer+YGTool.m in Sources */ = {isa = PBXBuildFile; fileRef = D5B5823D1EA4CA3C00ABB09A /* NSTimer+YGTool.m */; };
		D5B582621EA4CA3C00ABB09A /* UIButton+YGTool.m in Sources */ = {isa = PBXBuildFile; fileRef = D5B5823F1EA4CA3C00ABB09A /* UIButton+YGTool.m */; };
		D5B582631EA4CA3C00ABB09A /* UIColor+YGTool.m in Sources */ = {isa = PBXBuildFile; fileRef = D5B582411EA4CA3C00ABB09A /* UIColor+YGTool.m */; };
		D5B582641EA4CA3C00ABB09A /* UIImage+YGTool.m in Sources */ = {isa = PBXBuildFile; fileRef = D5B582431EA4CA3C00ABB09A /* UIImage+YGTool.m */; };
		D5B582651EA4CA3C00ABB09A /* UIView+YGTool.m in Sources */ = {isa = PBXBuildFile; fileRef = D5B582451EA4CA3C00ABB09A /* UIView+YGTool.m */; };
		D5B582661EA4CA3C00ABB09A /* UIWebView+YGTool.m in Sources */ = {isa = PBXBuildFile; fileRef = D5B582471EA4CA3C00ABB09A /* UIWebView+YGTool.m */; };
		D5B582671EA4CA3C00ABB09A /* BaseView.m in Sources */ = {isa = PBXBuildFile; fileRef = D5B5824D1EA4CA3C00ABB09A /* BaseView.m */; };
		D5B582681EA4CA3C00ABB09A /* BaseViewControler.m in Sources */ = {isa = PBXBuildFile; fileRef = D5B5824F1EA4CA3C00ABB09A /* BaseViewControler.m */; };
		D5B582691EA4CA3C00ABB09A /* MLTabBarVC.m in Sources */ = {isa = PBXBuildFile; fileRef = D5B582511EA4CA3C00ABB09A /* MLTabBarVC.m */; };
		D5B5826A1EA4CA3C00ABB09A /* HomeVC.m in Sources */ = {isa = PBXBuildFile; fileRef = D5B582541EA4CA3C00ABB09A /* HomeVC.m */; };
		D5FB73131EA4CC0D0047FA6B /* MLDataManager.m in Sources */ = {isa = PBXBuildFile; fileRef = D5FB73121EA4CC0D0047FA6B /* MLDataManager.m */; };
		D5FB73171EA4CCAF0047FA6B /* UIColor+MLColor.m in Sources */ = {isa = PBXBuildFile; fileRef = D5FB73161EA4CCAF0047FA6B /* UIColor+MLColor.m */; };
		D6F1146B1E6B0BF900D27054 /* MoleNotesTests.m in Sources */ = {isa = PBXBuildFile; fileRef = D6F1146A1E6B0BF900D27054 /* MoleNotesTests.m */; };
		D6F114761E6B0BF900D27054 /* MoleNotesUITests.m in Sources */ = {isa = PBXBuildFile; fileRef = D6F114751E6B0BF900D27054 /* MoleNotesUITests.m */; };
/* End PBXBuildFile section */

/* Begin PBXContainerItemProxy section */
		D6F114671E6B0BF900D27054 /* PBXContainerItemProxy */ = {
			isa = PBXContainerItemProxy;
			containerPortal = D6F114451E6B0BF700D27054 /* Project object */;
			proxyType = 1;
			remoteGlobalIDString = D6F1144C1E6B0BF700D27054;
			remoteInfo = MoleNotes;
		};
		D6F114721E6B0BF900D27054 /* PBXContainerItemProxy */ = {
			isa = PBXContainerItemProxy;
			containerPortal = D6F114451E6B0BF700D27054 /* Project object */;
			proxyType = 1;
			remoteGlobalIDString = D6F1144C1E6B0BF700D27054;
			remoteInfo = MoleNotes;
		};
/* End PBXContainerItemProxy section */

/* Begin PBXFileReference section */
		1E8D8656BF4C0910B48CDA70 /* Pods-MoleNotes.debug.xcconfig */ = {isa = PBXFileReference; includeInIndex = 1; lastKnownFileType = text.xcconfig; name = "Pods-MoleNotes.debug.xcconfig"; path = "Pods/Target Support Files/Pods-MoleNotes/Pods-MoleNotes.debug.xcconfig"; sourceTree = "<group>"; };
		B611F21919F1947571F6B5BF /* Pods-MoleNotes.release.xcconfig */ = {isa = PBXFileReference; includeInIndex = 1; lastKnownFileType = text.xcconfig; name = "Pods-MoleNotes.release.xcconfig"; path = "Pods/Target Support Files/Pods-MoleNotes/Pods-MoleNotes.release.xcconfig"; sourceTree = "<group>"; };
		D52DEC8A1EA5ABB20047A3B8 /* MLNoteDatas.xcdatamodel */ = {isa = PBXFileReference; lastKnownFileType = wrapper.xcdatamodel; path = MLNoteDatas.xcdatamodel; sourceTree = "<group>"; };
		D52DEC8C1EA5B0000047A3B8 /* CoreData.framework */ = {isa = PBXFileReference; lastKnownFileType = wrapper.framework; name = CoreData.framework; path = System/Library/Frameworks/CoreData.framework; sourceTree = SDKROOT; };
		D52DEC971EA5D4470047A3B8 /* Notes+CoreDataClass.h */ = {isa = PBXFileReference; fileEncoding = 4; lastKnownFileType = sourcecode.c.h; path = "Notes+CoreDataClass.h"; sourceTree = "<group>"; };
		D52DEC981EA5D4470047A3B8 /* Notes+CoreDataClass.m */ = {isa = PBXFileReference; fileEncoding = 4; lastKnownFileType = sourcecode.c.objc; path = "Notes+CoreDataClass.m"; sourceTree = "<group>"; };
		D52DEC991EA5D4470047A3B8 /* Notes+CoreDataProperties.h */ = {isa = PBXFileReference; fileEncoding = 4; lastKnownFileType = sourcecode.c.h; path = "Notes+CoreDataProperties.h"; sourceTree = "<group>"; };
		D52DEC9A1EA5D4470047A3B8 /* Notes+CoreDataProperties.m */ = {isa = PBXFileReference; fileEncoding = 4; lastKnownFileType = sourcecode.c.objc; path = "Notes+CoreDataProperties.m"; sourceTree = "<group>"; };
		D57C38CE1EA5FC7E0000F29F /* MLNoteDatas 2.xcdatamodel */ = {isa = PBXFileReference; lastKnownFileType = wrapper.xcdatamodel; path = "MLNoteDatas 2.xcdatamodel"; sourceTree = "<group>"; };
		D5B582221EA4CA3C00ABB09A /* AppDelegate.h */ = {isa = PBXFileReference; fileEncoding = 4; lastKnownFileType = sourcecode.c.h; path = AppDelegate.h; sourceTree = "<group>"; };
		D5B582231EA4CA3C00ABB09A /* AppDelegate.m */ = {isa = PBXFileReference; fileEncoding = 4; lastKnownFileType = sourcecode.c.objc; path = AppDelegate.m; sourceTree = "<group>"; };
		D5B582241EA4CA3C00ABB09A /* Assets.xcassets */ = {isa = PBXFileReference; lastKnownFileType = folder.assetcatalog; path = Assets.xcassets; sourceTree = "<group>"; };
		D5B582261EA4CA3C00ABB09A /* Base */ = {isa = PBXFileReference; lastKnownFileType = file.storyboard; name = Base; path = Base.lproj/LaunchScreen.storyboard; sourceTree = "<group>"; };
		D5B582281EA4CA3C00ABB09A /* MLHeadPCH.pch */ = {isa = PBXFileReference; fileEncoding = 4; lastKnownFileType = sourcecode.c.h; path = MLHeadPCH.pch; sourceTree = "<group>"; };
		D5B5822B1EA4CA3C00ABB09A /* Info.plist */ = {isa = PBXFileReference; fileEncoding = 4; lastKnownFileType = text.plist.xml; path = Info.plist; sourceTree = "<group>"; };
		D5B5822C1EA4CA3C00ABB09A /* main.m */ = {isa = PBXFileReference; fileEncoding = 4; lastKnownFileType = sourcecode.c.objc; path = main.m; sourceTree = "<group>"; };
		D5B582341EA4CA3C00ABB09A /* NSAttributedString+YGTool.h */ = {isa = PBXFileReference; fileEncoding = 4; lastKnownFileType = sourcecode.c.h; path = "NSAttributedString+YGTool.h"; sourceTree = "<group>"; };
		D5B582351EA4CA3C00ABB09A /* NSAttributedString+YGTool.m */ = {isa = PBXFileReference; fileEncoding = 4; lastKnownFileType = sourcecode.c.objc; path = "NSAttributedString+YGTool.m"; sourceTree = "<group>"; };
		D5B582361EA4CA3C00ABB09A /* NSDate+YGTool.h */ = {isa = PBXFileReference; fileEncoding = 4; lastKnownFileType = sourcecode.c.h; path = "NSDate+YGTool.h"; sourceTree = "<group>"; };
		D5B582371EA4CA3C00ABB09A /* NSDate+YGTool.m */ = {isa = PBXFileReference; fileEncoding = 4; lastKnownFileType = sourcecode.c.objc; path = "NSDate+YGTool.m"; sourceTree = "<group>"; };
		D5B582381EA4CA3C00ABB09A /* NSObject+YGTool.h */ = {isa = PBXFileReference; fileEncoding = 4; lastKnownFileType = sourcecode.c.h; path = "NSObject+YGTool.h"; sourceTree = "<group>"; };
		D5B582391EA4CA3C00ABB09A /* NSObject+YGTool.m */ = {isa = PBXFileReference; fileEncoding = 4; lastKnownFileType = sourcecode.c.objc; path = "NSObject+YGTool.m"; sourceTree = "<group>"; };
		D5B5823A1EA4CA3C00ABB09A /* NSString+YGTool.h */ = {isa = PBXFileReference; fileEncoding = 4; lastKnownFileType = sourcecode.c.h; path = "NSString+YGTool.h"; sourceTree = "<group>"; };
		D5B5823B1EA4CA3C00ABB09A /* NSString+YGTool.m */ = {isa = PBXFileReference; fileEncoding = 4; lastKnownFileType = sourcecode.c.objc; path = "NSString+YGTool.m"; sourceTree = "<group>"; };
		D5B5823C1EA4CA3C00ABB09A /* NSTimer+YGTool.h */ = {isa = PBXFileReference; fileEncoding = 4; lastKnownFileType = sourcecode.c.h; path = "NSTimer+YGTool.h"; sourceTree = "<group>"; };
		D5B5823D1EA4CA3C00ABB09A /* NSTimer+YGTool.m */ = {isa = PBXFileReference; fileEncoding = 4; lastKnownFileType = sourcecode.c.objc; path = "NSTimer+YGTool.m"; sourceTree = "<group>"; };
		D5B5823E1EA4CA3C00ABB09A /* UIButton+YGTool.h */ = {isa = PBXFileReference; fileEncoding = 4; lastKnownFileType = sourcecode.c.h; path = "UIButton+YGTool.h"; sourceTree = "<group>"; };
		D5B5823F1EA4CA3C00ABB09A /* UIButton+YGTool.m */ = {isa = PBXFileReference; fileEncoding = 4; lastKnownFileType = sourcecode.c.objc; path = "UIButton+YGTool.m"; sourceTree = "<group>"; };
		D5B582401EA4CA3C00ABB09A /* UIColor+YGTool.h */ = {isa = PBXFileReference; fileEncoding = 4; lastKnownFileType = sourcecode.c.h; path = "UIColor+YGTool.h"; sourceTree = "<group>"; };
		D5B582411EA4CA3C00ABB09A /* UIColor+YGTool.m */ = {isa = PBXFileReference; fileEncoding = 4; lastKnownFileType = sourcecode.c.objc; path = "UIColor+YGTool.m"; sourceTree = "<group>"; };
		D5B582421EA4CA3C00ABB09A /* UIImage+YGTool.h */ = {isa = PBXFileReference; fileEncoding = 4; lastKnownFileType = sourcecode.c.h; path = "UIImage+YGTool.h"; sourceTree = "<group>"; };
		D5B582431EA4CA3C00ABB09A /* UIImage+YGTool.m */ = {isa = PBXFileReference; fileEncoding = 4; lastKnownFileType = sourcecode.c.objc; path = "UIImage+YGTool.m"; sourceTree = "<group>"; };
		D5B582441EA4CA3C00ABB09A /* UIView+YGTool.h */ = {isa = PBXFileReference; fileEncoding = 4; lastKnownFileType = sourcecode.c.h; path = "UIView+YGTool.h"; sourceTree = "<group>"; };
		D5B582451EA4CA3C00ABB09A /* UIView+YGTool.m */ = {isa = PBXFileReference; fileEncoding = 4; lastKnownFileType = sourcecode.c.objc; path = "UIView+YGTool.m"; sourceTree = "<group>"; };
		D5B582461EA4CA3C00ABB09A /* UIWebView+YGTool.h */ = {isa = PBXFileReference; fileEncoding = 4; lastKnownFileType = sourcecode.c.h; path = "UIWebView+YGTool.h"; sourceTree = "<group>"; };
		D5B582471EA4CA3C00ABB09A /* UIWebView+YGTool.m */ = {isa = PBXFileReference; fileEncoding = 4; lastKnownFileType = sourcecode.c.objc; path = "UIWebView+YGTool.m"; sourceTree = "<group>"; };
		D5B582481EA4CA3C00ABB09A /* YGClassCollection.h */ = {isa = PBXFileReference; fileEncoding = 4; lastKnownFileType = sourcecode.c.h; path = YGClassCollection.h; sourceTree = "<group>"; };
		D5B582491EA4CA3C00ABB09A /* YGObjectModel.h */ = {isa = PBXFileReference; fileEncoding = 4; lastKnownFileType = sourcecode.c.h; path = YGObjectModel.h; sourceTree = "<group>"; };
		D5B5824C1EA4CA3C00ABB09A /* BaseView.h */ = {isa = PBXFileReference; fileEncoding = 4; lastKnownFileType = sourcecode.c.h; path = BaseView.h; sourceTree = "<group>"; };
		D5B5824D1EA4CA3C00ABB09A /* BaseView.m */ = {isa = PBXFileReference; fileEncoding = 4; lastKnownFileType = sourcecode.c.objc; path = BaseView.m; sourceTree = "<group>"; };
		D5B5824E1EA4CA3C00ABB09A /* BaseViewControler.h */ = {isa = PBXFileReference; fileEncoding = 4; lastKnownFileType = sourcecode.c.h; path = BaseViewControler.h; sourceTree = "<group>"; };
		D5B5824F1EA4CA3C00ABB09A /* BaseViewControler.m */ = {isa = PBXFileReference; fileEncoding = 4; lastKnownFileType = sourcecode.c.objc; path = BaseViewControler.m; sourceTree = "<group>"; };
		D5B582501EA4CA3C00ABB09A /* MLTabBarVC.h */ = {isa = PBXFileReference; fileEncoding = 4; lastKnownFileType = sourcecode.c.h; path = MLTabBarVC.h; sourceTree = "<group>"; };
		D5B582511EA4CA3C00ABB09A /* MLTabBarVC.m */ = {isa = PBXFileReference; fileEncoding = 4; lastKnownFileType = sourcecode.c.objc; path = MLTabBarVC.m; sourceTree = "<group>"; };
		D5B582531EA4CA3C00ABB09A /* HomeVC.h */ = {isa = PBXFileReference; fileEncoding = 4; lastKnownFileType = sourcecode.c.h; path = HomeVC.h; sourceTree = "<group>"; };
		D5B582541EA4CA3C00ABB09A /* HomeVC.m */ = {isa = PBXFileReference; fileEncoding = 4; lastKnownFileType = sourcecode.c.objc; path = HomeVC.m; sourceTree = "<group>"; };
		D5FB73111EA4CC0D0047FA6B /* MLDataManager.h */ = {isa = PBXFileReference; fileEncoding = 4; lastKnownFileType = sourcecode.c.h; path = MLDataManager.h; sourceTree = "<group>"; };
		D5FB73121EA4CC0D0047FA6B /* MLDataManager.m */ = {isa = PBXFileReference; fileEncoding = 4; lastKnownFileType = sourcecode.c.objc; path = MLDataManager.m; sourceTree = "<group>"; };
		D5FB73151EA4CCAF0047FA6B /* UIColor+MLColor.h */ = {isa = PBXFileReference; fileEncoding = 4; lastKnownFileType = sourcecode.c.h; path = "UIColor+MLColor.h"; sourceTree = "<group>"; };
		D5FB73161EA4CCAF0047FA6B /* UIColor+MLColor.m */ = {isa = PBXFileReference; fileEncoding = 4; lastKnownFileType = sourcecode.c.objc; path = "UIColor+MLColor.m"; sourceTree = "<group>"; };
		D6F1144D1E6B0BF800D27054 /* MoleNotes.app */ = {isa = PBXFileReference; explicitFileType = wrapper.application; includeInIndex = 0; path = MoleNotes.app; sourceTree = BUILT_PRODUCTS_DIR; };
		D6F114661E6B0BF900D27054 /* MoleNotesTests.xctest */ = {isa = PBXFileReference; explicitFileType = wrapper.cfbundle; includeInIndex = 0; path = MoleNotesTests.xctest; sourceTree = BUILT_PRODUCTS_DIR; };
		D6F1146A1E6B0BF900D27054 /* MoleNotesTests.m */ = {isa = PBXFileReference; lastKnownFileType = sourcecode.c.objc; path = MoleNotesTests.m; sourceTree = "<group>"; };
		D6F1146C1E6B0BF900D27054 /* Info.plist */ = {isa = PBXFileReference; lastKnownFileType = text.plist.xml; path = Info.plist; sourceTree = "<group>"; };
		D6F114711E6B0BF900D27054 /* MoleNotesUITests.xctest */ = {isa = PBXFileReference; explicitFileType = wrapper.cfbundle; includeInIndex = 0; path = MoleNotesUITests.xctest; sourceTree = BUILT_PRODUCTS_DIR; };
		D6F114751E6B0BF900D27054 /* MoleNotesUITests.m */ = {isa = PBXFileReference; lastKnownFileType = sourcecode.c.objc; path = MoleNotesUITests.m; sourceTree = "<group>"; };
		D6F114771E6B0BF900D27054 /* Info.plist */ = {isa = PBXFileReference; lastKnownFileType = text.plist.xml; path = Info.plist; sourceTree = "<group>"; };
		DA92DE46395E41C24984B093 /* libPods-MoleNotes.a */ = {isa = PBXFileReference; explicitFileType = archive.ar; includeInIndex = 0; path = "libPods-MoleNotes.a"; sourceTree = BUILT_PRODUCTS_DIR; };
/* End PBXFileReference section */

/* Begin PBXFrameworksBuildPhase section */
		D6F1144A1E6B0BF700D27054 /* Frameworks */ = {
			isa = PBXFrameworksBuildPhase;
			buildActionMask = 2147483647;
			files = (
				9FBE2449850AE4E174335E84 /* libPods-MoleNotes.a in Frameworks */,
			);
			runOnlyForDeploymentPostprocessing = 0;
		};
		D6F114631E6B0BF900D27054 /* Frameworks */ = {
			isa = PBXFrameworksBuildPhase;
			buildActionMask = 2147483647;
			files = (
			);
			runOnlyForDeploymentPostprocessing = 0;
		};
		D6F1146E1E6B0BF900D27054 /* Frameworks */ = {
			isa = PBXFrameworksBuildPhase;
			buildActionMask = 2147483647;
			files = (
			);
			runOnlyForDeploymentPostprocessing = 0;
		};
/* End PBXFrameworksBuildPhase section */

/* Begin PBXGroup section */
		6FF9FAEC8B062651C91E606E /* Frameworks */ = {
			isa = PBXGroup;
			children = (
				D52DEC8C1EA5B0000047A3B8 /* CoreData.framework */,
				DA92DE46395E41C24984B093 /* libPods-MoleNotes.a */,
			);
			name = Frameworks;
			sourceTree = "<group>";
		};
		D52DEC881EA5AB940047A3B8 /* CoreData */ = {
			isa = PBXGroup;
			children = (
				D52DEC891EA5ABB20047A3B8 /* MLNoteDatas.xcdatamodeld */,
			);
			path = CoreData;
			sourceTree = "<group>";
		};
		D5B582211EA4CA3C00ABB09A /* MoleNotes */ = {
			isa = PBXGroup;
			children = (
				D5B5822B1EA4CA3C00ABB09A /* Info.plist */,
				D5B5822C1EA4CA3C00ABB09A /* main.m */,
				D5B582221EA4CA3C00ABB09A /* AppDelegate.h */,
				D5B582231EA4CA3C00ABB09A /* AppDelegate.m */,
				D5B582241EA4CA3C00ABB09A /* Assets.xcassets */,
				D5B582251EA4CA3C00ABB09A /* LaunchScreen.storyboard */,
				D5B582551EA4CA3C00ABB09A /* ViewModel */,
				D5B5824A1EA4CA3C00ABB09A /* ViewController */,
				D5B582301EA4CA3C00ABB09A /* Model */,
				D5B582271EA4CA3C00ABB09A /* HeadClass */,
				D5B582311EA4CA3C00ABB09A /* Resource */,
				D5B582321EA4CA3C00ABB09A /* Tools */,
			);
			path = MoleNotes;
			sourceTree = "<group>";
		};
		D5B582271EA4CA3C00ABB09A /* HeadClass */ = {
			isa = PBXGroup;
			children = (
				D5B582281EA4CA3C00ABB09A /* MLHeadPCH.pch */,
			);
			path = HeadClass;
			sourceTree = "<group>";
		};
		D5B582301EA4CA3C00ABB09A /* Model */ = {
			isa = PBXGroup;
			children = (
				D5FB73181EA4CD1D0047FA6B /* HomeModels */,
			);
			path = Model;
			sourceTree = "<group>";
		};
		D5B582311EA4CA3C00ABB09A /* Resource */ = {
			isa = PBXGroup;
			children = (
				D52DEC881EA5AB940047A3B8 /* CoreData */,
			);
			path = Resource;
			sourceTree = "<group>";
		};
		D5B582321EA4CA3C00ABB09A /* Tools */ = {
			isa = PBXGroup;
			children = (
				D5FB73141EA4CC890047FA6B /* UIColor+MLColor */,
				D5FB73101EA4CC0D0047FA6B /* MLDataManager */,
				D5B582331EA4CA3C00ABB09A /* YG++ */,
			);
			path = Tools;
			sourceTree = "<group>";
		};
		D5B582331EA4CA3C00ABB09A /* YG++ */ = {
			isa = PBXGroup;
			children = (
				D5B582341EA4CA3C00ABB09A /* NSAttributedString+YGTool.h */,
				D5B582351EA4CA3C00ABB09A /* NSAttributedString+YGTool.m */,
				D5B582361EA4CA3C00ABB09A /* NSDate+YGTool.h */,
				D5B582371EA4CA3C00ABB09A /* NSDate+YGTool.m */,
				D5B582381EA4CA3C00ABB09A /* NSObject+YGTool.h */,
				D5B582391EA4CA3C00ABB09A /* NSObject+YGTool.m */,
				D5B5823A1EA4CA3C00ABB09A /* NSString+YGTool.h */,
				D5B5823B1EA4CA3C00ABB09A /* NSString+YGTool.m */,
				D5B5823C1EA4CA3C00ABB09A /* NSTimer+YGTool.h */,
				D5B5823D1EA4CA3C00ABB09A /* NSTimer+YGTool.m */,
				D5B5823E1EA4CA3C00ABB09A /* UIButton+YGTool.h */,
				D5B5823F1EA4CA3C00ABB09A /* UIButton+YGTool.m */,
				D5B582401EA4CA3C00ABB09A /* UIColor+YGTool.h */,
				D5B582411EA4CA3C00ABB09A /* UIColor+YGTool.m */,
				D5B582421EA4CA3C00ABB09A /* UIImage+YGTool.h */,
				D5B582431EA4CA3C00ABB09A /* UIImage+YGTool.m */,
				D5B582441EA4CA3C00ABB09A /* UIView+YGTool.h */,
				D5B582451EA4CA3C00ABB09A /* UIView+YGTool.m */,
				D5B582461EA4CA3C00ABB09A /* UIWebView+YGTool.h */,
				D5B582471EA4CA3C00ABB09A /* UIWebView+YGTool.m */,
				D5B582481EA4CA3C00ABB09A /* YGClassCollection.h */,
				D5B582491EA4CA3C00ABB09A /* YGObjectModel.h */,
			);
			path = "YG++";
			sourceTree = "<group>";
		};
		D5B5824A1EA4CA3C00ABB09A /* ViewController */ = {
			isa = PBXGroup;
			children = (
				D5B582521EA4CA3C00ABB09A /* HomeVC */,
				D5B5824B1EA4CA3C00ABB09A /* BaseView */,
			);
			path = ViewController;
			sourceTree = "<group>";
		};
		D5B5824B1EA4CA3C00ABB09A /* BaseView */ = {
			isa = PBXGroup;
			children = (
				D5B5824C1EA4CA3C00ABB09A /* BaseView.h */,
				D5B5824D1EA4CA3C00ABB09A /* BaseView.m */,
				D5B5824E1EA4CA3C00ABB09A /* BaseViewControler.h */,
				D5B5824F1EA4CA3C00ABB09A /* BaseViewControler.m */,
				D5B582501EA4CA3C00ABB09A /* MLTabBarVC.h */,
				D5B582511EA4CA3C00ABB09A /* MLTabBarVC.m */,
			);
			path = BaseView;
			sourceTree = "<group>";
		};
		D5B582521EA4CA3C00ABB09A /* HomeVC */ = {
			isa = PBXGroup;
			children = (
				D5B582531EA4CA3C00ABB09A /* HomeVC.h */,
				D5B582541EA4CA3C00ABB09A /* HomeVC.m */,
			);
			path = HomeVC;
			sourceTree = "<group>";
		};
		D5B582551EA4CA3C00ABB09A /* ViewModel */ = {
			isa = PBXGroup;
			children = (
			);
			path = ViewModel;
			sourceTree = "<group>";
		};
		D5FB73101EA4CC0D0047FA6B /* MLDataManager */ = {
			isa = PBXGroup;
			children = (
				D52DEC971EA5D4470047A3B8 /* Notes+CoreDataClass.h */,
				D52DEC981EA5D4470047A3B8 /* Notes+CoreDataClass.m */,
				D52DEC991EA5D4470047A3B8 /* Notes+CoreDataProperties.h */,
				D52DEC9A1EA5D4470047A3B8 /* Notes+CoreDataProperties.m */,
				D5FB73111EA4CC0D0047FA6B /* MLDataManager.h */,
				D5FB73121EA4CC0D0047FA6B /* MLDataManager.m */,
			);
			path = MLDataManager;
			sourceTree = "<group>";
		};
		D5FB73141EA4CC890047FA6B /* UIColor+MLColor */ = {
			isa = PBXGroup;
			children = (
				D5FB73151EA4CCAF0047FA6B /* UIColor+MLColor.h */,
				D5FB73161EA4CCAF0047FA6B /* UIColor+MLColor.m */,
			);
			path = "UIColor+MLColor";
			sourceTree = "<group>";
		};
		D5FB73181EA4CD1D0047FA6B /* HomeModels */ = {
			isa = PBXGroup;
			children = (
			);
			path = HomeModels;
			sourceTree = "<group>";
		};
		D6F114441E6B0BF700D27054 = {
			isa = PBXGroup;
			children = (
				D5B582211EA4CA3C00ABB09A /* MoleNotes */,
				D6F114691E6B0BF900D27054 /* MoleNotesTests */,
				D6F114741E6B0BF900D27054 /* MoleNotesUITests */,
				D6F1144E1E6B0BF800D27054 /* Products */,
				E5D37D5540338378EDED60F2 /* Pods */,
				6FF9FAEC8B062651C91E606E /* Frameworks */,
			);
			sourceTree = "<group>";
		};
		D6F1144E1E6B0BF800D27054 /* Products */ = {
			isa = PBXGroup;
			children = (
				D6F1144D1E6B0BF800D27054 /* MoleNotes.app */,
				D6F114661E6B0BF900D27054 /* MoleNotesTests.xctest */,
				D6F114711E6B0BF900D27054 /* MoleNotesUITests.xctest */,
			);
			name = Products;
			sourceTree = "<group>";
		};
		D6F114691E6B0BF900D27054 /* MoleNotesTests */ = {
			isa = PBXGroup;
			children = (
				D6F1146A1E6B0BF900D27054 /* MoleNotesTests.m */,
				D6F1146C1E6B0BF900D27054 /* Info.plist */,
			);
			path = MoleNotesTests;
			sourceTree = "<group>";
		};
		D6F114741E6B0BF900D27054 /* MoleNotesUITests */ = {
			isa = PBXGroup;
			children = (
				D6F114751E6B0BF900D27054 /* MoleNotesUITests.m */,
				D6F114771E6B0BF900D27054 /* Info.plist */,
			);
			path = MoleNotesUITests;
			sourceTree = "<group>";
		};
		E5D37D5540338378EDED60F2 /* Pods */ = {
			isa = PBXGroup;
			children = (
				1E8D8656BF4C0910B48CDA70 /* Pods-MoleNotes.debug.xcconfig */,
				B611F21919F1947571F6B5BF /* Pods-MoleNotes.release.xcconfig */,
			);
			name = Pods;
			sourceTree = "<group>";
		};
/* End PBXGroup section */

/* Begin PBXNativeTarget section */
		D6F1144C1E6B0BF700D27054 /* MoleNotes */ = {
			isa = PBXNativeTarget;
			buildConfigurationList = D6F1147A1E6B0BF900D27054 /* Build configuration list for PBXNativeTarget "MoleNotes" */;
			buildPhases = (
				B03E58D1706B1137BB5B9EBB /* 📦 Check Pods Manifest.lock */,
				D6F114491E6B0BF700D27054 /* Sources */,
				D6F1144A1E6B0BF700D27054 /* Frameworks */,
				D6F1144B1E6B0BF700D27054 /* Resources */,
				2645412117D54D4097F8BA49 /* 📦 Embed Pods Frameworks */,
				7AB8C76C0F8C705746C4D0C4 /* 📦 Copy Pods Resources */,
			);
			buildRules = (
			);
			dependencies = (
			);
			name = MoleNotes;
			productName = MoleNotes;
			productReference = D6F1144D1E6B0BF800D27054 /* MoleNotes.app */;
			productType = "com.apple.product-type.application";
		};
		D6F114651E6B0BF900D27054 /* MoleNotesTests */ = {
			isa = PBXNativeTarget;
			buildConfigurationList = D6F1147D1E6B0BF900D27054 /* Build configuration list for PBXNativeTarget "MoleNotesTests" */;
			buildPhases = (
				D6F114621E6B0BF900D27054 /* Sources */,
				D6F114631E6B0BF900D27054 /* Frameworks */,
				D6F114641E6B0BF900D27054 /* Resources */,
			);
			buildRules = (
			);
			dependencies = (
				D6F114681E6B0BF900D27054 /* PBXTargetDependency */,
			);
			name = MoleNotesTests;
			productName = MoleNotesTests;
			productReference = D6F114661E6B0BF900D27054 /* MoleNotesTests.xctest */;
			productType = "com.apple.product-type.bundle.unit-test";
		};
		D6F114701E6B0BF900D27054 /* MoleNotesUITests */ = {
			isa = PBXNativeTarget;
			buildConfigurationList = D6F114801E6B0BF900D27054 /* Build configuration list for PBXNativeTarget "MoleNotesUITests" */;
			buildPhases = (
				D6F1146D1E6B0BF900D27054 /* Sources */,
				D6F1146E1E6B0BF900D27054 /* Frameworks */,
				D6F1146F1E6B0BF900D27054 /* Resources */,
			);
			buildRules = (
			);
			dependencies = (
				D6F114731E6B0BF900D27054 /* PBXTargetDependency */,
			);
			name = MoleNotesUITests;
			productName = MoleNotesUITests;
			productReference = D6F114711E6B0BF900D27054 /* MoleNotesUITests.xctest */;
			productType = "com.apple.product-type.bundle.ui-testing";
		};
/* End PBXNativeTarget section */

/* Begin PBXProject section */
		D6F114451E6B0BF700D27054 /* Project object */ = {
			isa = PBXProject;
			attributes = {
				LastUpgradeCheck = 0830;
				ORGANIZATIONNAME = wugang;
				TargetAttributes = {
					D6F1144C1E6B0BF700D27054 = {
						CreatedOnToolsVersion = 8.1;
						DevelopmentTeam = 7EC754N826;
						LastSwiftMigration = 0830;
						ProvisioningStyle = Automatic;
						SystemCapabilities = {
							com.apple.BackgroundModes = {
								enabled = 0;
							};
						};
					};
					D6F114651E6B0BF900D27054 = {
						CreatedOnToolsVersion = 8.1;
						DevelopmentTeam = 7EC754N826;
						ProvisioningStyle = Automatic;
						TestTargetID = D6F1144C1E6B0BF700D27054;
					};
					D6F114701E6B0BF900D27054 = {
						CreatedOnToolsVersion = 8.1;
						DevelopmentTeam = 7EC754N826;
						ProvisioningStyle = Automatic;
						TestTargetID = D6F1144C1E6B0BF700D27054;
					};
				};
			};
			buildConfigurationList = D6F114481E6B0BF700D27054 /* Build configuration list for PBXProject "MoleNotes" */;
			compatibilityVersion = "Xcode 3.2";
			developmentRegion = English;
			hasScannedForEncodings = 0;
			knownRegions = (
				en,
				Base,
			);
			mainGroup = D6F114441E6B0BF700D27054;
			productRefGroup = D6F1144E1E6B0BF800D27054 /* Products */;
			projectDirPath = "";
			projectRoot = "";
			targets = (
				D6F1144C1E6B0BF700D27054 /* MoleNotes */,
				D6F114651E6B0BF900D27054 /* MoleNotesTests */,
				D6F114701E6B0BF900D27054 /* MoleNotesUITests */,
			);
		};
/* End PBXProject section */

/* Begin PBXResourcesBuildPhase section */
		D6F1144B1E6B0BF700D27054 /* Resources */ = {
			isa = PBXResourcesBuildPhase;
			buildActionMask = 2147483647;
			files = (
				D57C38CD1EA5E43F0000F29F /* MLNoteDatas.xcdatamodeld in Resources */,
				D5B582571EA4CA3C00ABB09A /* Assets.xcassets in Resources */,
				D5B582581EA4CA3C00ABB09A /* LaunchScreen.storyboard in Resources */,
			);
			runOnlyForDeploymentPostprocessing = 0;
		};
		D6F114641E6B0BF900D27054 /* Resources */ = {
			isa = PBXResourcesBuildPhase;
			buildActionMask = 2147483647;
			files = (
			);
			runOnlyForDeploymentPostprocessing = 0;
		};
		D6F1146F1E6B0BF900D27054 /* Resources */ = {
			isa = PBXResourcesBuildPhase;
			buildActionMask = 2147483647;
			files = (
			);
			runOnlyForDeploymentPostprocessing = 0;
		};
/* End PBXResourcesBuildPhase section */

/* Begin PBXShellScriptBuildPhase section */
		2645412117D54D4097F8BA49 /* 📦 Embed Pods Frameworks */ = {
			isa = PBXShellScriptBuildPhase;
			buildActionMask = 2147483647;
			files = (
			);
			inputPaths = (
			);
			name = "📦 Embed Pods Frameworks";
			outputPaths = (
			);
			runOnlyForDeploymentPostprocessing = 0;
			shellPath = /bin/sh;
			shellScript = "\"${SRCROOT}/Pods/Target Support Files/Pods-MoleNotes/Pods-MoleNotes-frameworks.sh\"\n";
			showEnvVarsInLog = 0;
		};
		7AB8C76C0F8C705746C4D0C4 /* 📦 Copy Pods Resources */ = {
			isa = PBXShellScriptBuildPhase;
			buildActionMask = 2147483647;
			files = (
			);
			inputPaths = (
			);
			name = "📦 Copy Pods Resources";
			outputPaths = (
			);
			runOnlyForDeploymentPostprocessing = 0;
			shellPath = /bin/sh;
			shellScript = "\"${SRCROOT}/Pods/Target Support Files/Pods-MoleNotes/Pods-MoleNotes-resources.sh\"\n";
			showEnvVarsInLog = 0;
		};
		B03E58D1706B1137BB5B9EBB /* 📦 Check Pods Manifest.lock */ = {
			isa = PBXShellScriptBuildPhase;
			buildActionMask = 2147483647;
			files = (
			);
			inputPaths = (
			);
			name = "📦 Check Pods Manifest.lock";
			outputPaths = (
			);
			runOnlyForDeploymentPostprocessing = 0;
			shellPath = /bin/sh;
			shellScript = "diff \"${PODS_ROOT}/../Podfile.lock\" \"${PODS_ROOT}/Manifest.lock\" > /dev/null\nif [[ $? != 0 ]] ; then\n    cat << EOM\nerror: The sandbox is not in sync with the Podfile.lock. Run 'pod install' or update your CocoaPods installation.\nEOM\n    exit 1\nfi\n";
			showEnvVarsInLog = 0;
		};
/* End PBXShellScriptBuildPhase section */

/* Begin PBXSourcesBuildPhase section */
		D6F114491E6B0BF700D27054 /* Sources */ = {
			isa = PBXSourcesBuildPhase;
			buildActionMask = 2147483647;
			files = (
				D52DEC8B1EA5ABB20047A3B8 /* MLNoteDatas.xcdatamodeld in Sources */,
				D5FB73171EA4CCAF0047FA6B /* UIColor+MLColor.m in Sources */,
				D5B582631EA4CA3C00ABB09A /* UIColor+YGTool.m in Sources */,
				D5B582641EA4CA3C00ABB09A /* UIImage+YGTool.m in Sources */,
				D5B582671EA4CA3C00ABB09A /* BaseView.m in Sources */,
				D5B5826A1EA4CA3C00ABB09A /* HomeVC.m in Sources */,
				D5B5825F1EA4CA3C00ABB09A /* NSObject+YGTool.m in Sources */,
				D5B582661EA4CA3C00ABB09A /* UIWebView+YGTool.m in Sources */,
				D5FB73131EA4CC0D0047FA6B /* MLDataManager.m in Sources */,
				D5B582651EA4CA3C00ABB09A /* UIView+YGTool.m in Sources */,
				D5B582691EA4CA3C00ABB09A /* MLTabBarVC.m in Sources */,
				D5B582621EA4CA3C00ABB09A /* UIButton+YGTool.m in Sources */,
				D5B5825E1EA4CA3C00ABB09A /* NSDate+YGTool.m in Sources */,
				D5B5825B1EA4CA3C00ABB09A /* main.m in Sources */,
				D5B582601EA4CA3C00ABB09A /* NSString+YGTool.m in Sources */,
				D5B582681EA4CA3C00ABB09A /* BaseViewControler.m in Sources */,
				D5B5825D1EA4CA3C00ABB09A /* NSAttributedString+YGTool.m in Sources */,
				D5B582561EA4CA3C00ABB09A /* AppDelegate.m in Sources */,
				D5B582611EA4CA3C00ABB09A /* NSTimer+YGTool.m in Sources */,
			);
			runOnlyForDeploymentPostprocessing = 0;
		};
		D6F114621E6B0BF900D27054 /* Sources */ = {
			isa = PBXSourcesBuildPhase;
			buildActionMask = 2147483647;
			files = (
				D6F1146B1E6B0BF900D27054 /* MoleNotesTests.m in Sources */,
			);
			runOnlyForDeploymentPostprocessing = 0;
		};
		D6F1146D1E6B0BF900D27054 /* Sources */ = {
			isa = PBXSourcesBuildPhase;
			buildActionMask = 2147483647;
			files = (
				D6F114761E6B0BF900D27054 /* MoleNotesUITests.m in Sources */,
			);
			runOnlyForDeploymentPostprocessing = 0;
		};
/* End PBXSourcesBuildPhase section */

/* Begin PBXTargetDependency section */
		D6F114681E6B0BF900D27054 /* PBXTargetDependency */ = {
			isa = PBXTargetDependency;
			target = D6F1144C1E6B0BF700D27054 /* MoleNotes */;
			targetProxy = D6F114671E6B0BF900D27054 /* PBXContainerItemProxy */;
		};
		D6F114731E6B0BF900D27054 /* PBXTargetDependency */ = {
			isa = PBXTargetDependency;
			target = D6F1144C1E6B0BF700D27054 /* MoleNotes */;
			targetProxy = D6F114721E6B0BF900D27054 /* PBXContainerItemProxy */;
		};
/* End PBXTargetDependency section */

/* Begin PBXVariantGroup section */
		D5B582251EA4CA3C00ABB09A /* LaunchScreen.storyboard */ = {
			isa = PBXVariantGroup;
			children = (
				D5B582261EA4CA3C00ABB09A /* Base */,
			);
			name = LaunchScreen.storyboard;
			sourceTree = "<group>";
		};
/* End PBXVariantGroup section */

/* Begin XCBuildConfiguration section */
		D6F114781E6B0BF900D27054 /* Debug */ = {
			isa = XCBuildConfiguration;
			buildSettings = {
				ALWAYS_SEARCH_USER_PATHS = NO;
				CLANG_ANALYZER_NONNULL = YES;
				CLANG_CXX_LANGUAGE_STANDARD = "gnu++0x";
				CLANG_CXX_LIBRARY = "libc++";
				CLANG_ENABLE_MODULES = YES;
				CLANG_ENABLE_OBJC_ARC = YES;
				CLANG_WARN_BOOL_CONVERSION = YES;
				CLANG_WARN_CONSTANT_CONVERSION = YES;
				CLANG_WARN_DIRECT_OBJC_ISA_USAGE = YES_ERROR;
				CLANG_WARN_DOCUMENTATION_COMMENTS = YES;
				CLANG_WARN_EMPTY_BODY = YES;
				CLANG_WARN_ENUM_CONVERSION = YES;
				CLANG_WARN_INFINITE_RECURSION = YES;
				CLANG_WARN_INT_CONVERSION = YES;
				CLANG_WARN_OBJC_ROOT_CLASS = YES_ERROR;
				CLANG_WARN_SUSPICIOUS_MOVE = YES;
				CLANG_WARN_SUSPICIOUS_MOVES = YES;
				CLANG_WARN_UNREACHABLE_CODE = YES;
				CLANG_WARN__DUPLICATE_METHOD_MATCH = YES;
				"CODE_SIGN_IDENTITY[sdk=iphoneos*]" = "iPhone Developer";
				COPY_PHASE_STRIP = NO;
				DEBUG_INFORMATION_FORMAT = dwarf;
				ENABLE_STRICT_OBJC_MSGSEND = YES;
				ENABLE_TESTABILITY = YES;
				GCC_C_LANGUAGE_STANDARD = gnu99;
				GCC_DYNAMIC_NO_PIC = NO;
				GCC_NO_COMMON_BLOCKS = YES;
				GCC_OPTIMIZATION_LEVEL = 0;
				GCC_PREPROCESSOR_DEFINITIONS = (
					"DEBUG=1",
					"$(inherited)",
				);
				GCC_WARN_64_TO_32_BIT_CONVERSION = YES;
				GCC_WARN_ABOUT_RETURN_TYPE = YES_ERROR;
				GCC_WARN_UNDECLARED_SELECTOR = YES;
				GCC_WARN_UNINITIALIZED_AUTOS = YES_AGGRESSIVE;
				GCC_WARN_UNUSED_FUNCTION = YES;
				GCC_WARN_UNUSED_VARIABLE = YES;
				IPHONEOS_DEPLOYMENT_TARGET = 10.1;
				MTL_ENABLE_DEBUG_INFO = YES;
				ONLY_ACTIVE_ARCH = YES;
				SDKROOT = iphoneos;
				TARGETED_DEVICE_FAMILY = "1,2";
			};
			name = Debug;
		};
		D6F114791E6B0BF900D27054 /* Release */ = {
			isa = XCBuildConfiguration;
			buildSettings = {
				ALWAYS_SEARCH_USER_PATHS = NO;
				CLANG_ANALYZER_NONNULL = YES;
				CLANG_CXX_LANGUAGE_STANDARD = "gnu++0x";
				CLANG_CXX_LIBRARY = "libc++";
				CLANG_ENABLE_MODULES = YES;
				CLANG_ENABLE_OBJC_ARC = YES;
				CLANG_WARN_BOOL_CONVERSION = YES;
				CLANG_WARN_CONSTANT_CONVERSION = YES;
				CLANG_WARN_DIRECT_OBJC_ISA_USAGE = YES_ERROR;
				CLANG_WARN_DOCUMENTATION_COMMENTS = YES;
				CLANG_WARN_EMPTY_BODY = YES;
				CLANG_WARN_ENUM_CONVERSION = YES;
				CLANG_WARN_INFINITE_RECURSION = YES;
				CLANG_WARN_INT_CONVERSION = YES;
				CLANG_WARN_OBJC_ROOT_CLASS = YES_ERROR;
				CLANG_WARN_SUSPICIOUS_MOVE = YES;
				CLANG_WARN_SUSPICIOUS_MOVES = YES;
				CLANG_WARN_UNREACHABLE_CODE = YES;
				CLANG_WARN__DUPLICATE_METHOD_MATCH = YES;
				"CODE_SIGN_IDENTITY[sdk=iphoneos*]" = "iPhone Developer";
				COPY_PHASE_STRIP = NO;
				DEBUG_INFORMATION_FORMAT = "dwarf-with-dsym";
				ENABLE_NS_ASSERTIONS = NO;
				ENABLE_STRICT_OBJC_MSGSEND = YES;
				GCC_C_LANGUAGE_STANDARD = gnu99;
				GCC_NO_COMMON_BLOCKS = YES;
				GCC_WARN_64_TO_32_BIT_CONVERSION = YES;
				GCC_WARN_ABOUT_RETURN_TYPE = YES_ERROR;
				GCC_WARN_UNDECLARED_SELECTOR = YES;
				GCC_WARN_UNINITIALIZED_AUTOS = YES_AGGRESSIVE;
				GCC_WARN_UNUSED_FUNCTION = YES;
				GCC_WARN_UNUSED_VARIABLE = YES;
				IPHONEOS_DEPLOYMENT_TARGET = 10.1;
				MTL_ENABLE_DEBUG_INFO = NO;
				SDKROOT = iphoneos;
				TARGETED_DEVICE_FAMILY = "1,2";
				VALIDATE_PRODUCT = YES;
			};
			name = Release;
		};
		D6F1147B1E6B0BF900D27054 /* Debug */ = {
			isa = XCBuildConfiguration;
			baseConfigurationReference = 1E8D8656BF4C0910B48CDA70 /* Pods-MoleNotes.debug.xcconfig */;
			buildSettings = {
				ALWAYS_EMBED_SWIFT_STANDARD_LIBRARIES = NO;
				ASSETCATALOG_COMPILER_APPICON_NAME = AppIcon;
				CLANG_ENABLE_MODULES = YES;
				DEVELOPMENT_TEAM = 7EC754N826;
				GCC_PREFIX_HEADER = "$(SRCROOT)/MoleNotes/HeadClass/MLHeadPCH.pch";
				INFOPLIST_FILE = MoleNotes/Info.plist;
				IPHONEOS_DEPLOYMENT_TARGET = 8.0;
				LD_RUNPATH_SEARCH_PATHS = "$(inherited) @executable_path/Frameworks";
				PRODUCT_BUNDLE_IDENTIFIER = com.wugang.MoleNotes;
				PRODUCT_NAME = "$(TARGET_NAME)";
				SWIFT_OBJC_BRIDGING_HEADER = "MoleNotes/Tools/MLDataManager/MoleNotes-Bridging-Header.h";
				SWIFT_OPTIMIZATION_LEVEL = "-Onone";
				SWIFT_VERSION = 3.0;
			};
			name = Debug;
		};
		D6F1147C1E6B0BF900D27054 /* Release */ = {
			isa = XCBuildConfiguration;
			baseConfigurationReference = B611F21919F1947571F6B5BF /* Pods-MoleNotes.release.xcconfig */;
			buildSettings = {
				ALWAYS_EMBED_SWIFT_STANDARD_LIBRARIES = NO;
				ASSETCATALOG_COMPILER_APPICON_NAME = AppIcon;
				CLANG_ENABLE_MODULES = YES;
				DEVELOPMENT_TEAM = 7EC754N826;
				GCC_PREFIX_HEADER = "$(SRCROOT)/MoleNotes/HeadClass/MLHeadPCH.pch";
				INFOPLIST_FILE = MoleNotes/Info.plist;
				IPHONEOS_DEPLOYMENT_TARGET = 8.0;
				LD_RUNPATH_SEARCH_PATHS = "$(inherited) @executable_path/Frameworks";
				PRODUCT_BUNDLE_IDENTIFIER = com.wugang.MoleNotes;
				PRODUCT_NAME = "$(TARGET_NAME)";
				SWIFT_OBJC_BRIDGING_HEADER = "MoleNotes/Tools/MLDataManager/MoleNotes-Bridging-Header.h";
				SWIFT_VERSION = 3.0;
			};
			name = Release;
		};
		D6F1147E1E6B0BF900D27054 /* Debug */ = {
			isa = XCBuildConfiguration;
			buildSettings = {
				BUNDLE_LOADER = "$(TEST_HOST)";
				DEVELOPMENT_TEAM = 7EC754N826;
				INFOPLIST_FILE = MoleNotesTests/Info.plist;
				LD_RUNPATH_SEARCH_PATHS = "$(inherited) @executable_path/Frameworks @loader_path/Frameworks";
				PRODUCT_BUNDLE_IDENTIFIER = com.wugang.MoleNotesTests;
				PRODUCT_NAME = "$(TARGET_NAME)";
				TEST_HOST = "$(BUILT_PRODUCTS_DIR)/MoleNotes.app/MoleNotes";
			};
			name = Debug;
		};
		D6F1147F1E6B0BF900D27054 /* Release */ = {
			isa = XCBuildConfiguration;
			buildSettings = {
				BUNDLE_LOADER = "$(TEST_HOST)";
				DEVELOPMENT_TEAM = 7EC754N826;
				INFOPLIST_FILE = MoleNotesTests/Info.plist;
				LD_RUNPATH_SEARCH_PATHS = "$(inherited) @executable_path/Frameworks @loader_path/Frameworks";
				PRODUCT_BUNDLE_IDENTIFIER = com.wugang.MoleNotesTests;
				PRODUCT_NAME = "$(TARGET_NAME)";
				TEST_HOST = "$(BUILT_PRODUCTS_DIR)/MoleNotes.app/MoleNotes";
			};
			name = Release;
		};
		D6F114811E6B0BF900D27054 /* Debug */ = {
			isa = XCBuildConfiguration;
			buildSettings = {
				DEVELOPMENT_TEAM = 7EC754N826;
				INFOPLIST_FILE = MoleNotesUITests/Info.plist;
				LD_RUNPATH_SEARCH_PATHS = "$(inherited) @executable_path/Frameworks @loader_path/Frameworks";
				PRODUCT_BUNDLE_IDENTIFIER = com.wugang.MoleNotesUITests;
				PRODUCT_NAME = "$(TARGET_NAME)";
				TEST_TARGET_NAME = MoleNotes;
			};
			name = Debug;
		};
		D6F114821E6B0BF900D27054 /* Release */ = {
			isa = XCBuildConfiguration;
			buildSettings = {
				DEVELOPMENT_TEAM = 7EC754N826;
				INFOPLIST_FILE = MoleNotesUITests/Info.plist;
				LD_RUNPATH_SEARCH_PATHS = "$(inherited) @executable_path/Frameworks @loader_path/Frameworks";
				PRODUCT_BUNDLE_IDENTIFIER = com.wugang.MoleNotesUITests;
				PRODUCT_NAME = "$(TARGET_NAME)";
				TEST_TARGET_NAME = MoleNotes;
			};
			name = Release;
		};
/* End XCBuildConfiguration section */

/* Begin XCConfigurationList section */
		D6F114481E6B0BF700D27054 /* Build configuration list for PBXProject "MoleNotes" */ = {
			isa = XCConfigurationList;
			buildConfigurations = (
				D6F114781E6B0BF900D27054 /* Debug */,
				D6F114791E6B0BF900D27054 /* Release */,
			);
			defaultConfigurationIsVisible = 0;
			defaultConfigurationName = Release;
		};
		D6F1147A1E6B0BF900D27054 /* Build configuration list for PBXNativeTarget "MoleNotes" */ = {
			isa = XCConfigurationList;
			buildConfigurations = (
				D6F1147B1E6B0BF900D27054 /* Debug */,
				D6F1147C1E6B0BF900D27054 /* Release */,
			);
			defaultConfigurationIsVisible = 0;
			defaultConfigurationName = Release;
		};
		D6F1147D1E6B0BF900D27054 /* Build configuration list for PBXNativeTarget "MoleNotesTests" */ = {
			isa = XCConfigurationList;
			buildConfigurations = (
				D6F1147E1E6B0BF900D27054 /* Debug */,
				D6F1147F1E6B0BF900D27054 /* Release */,
			);
			defaultConfigurationIsVisible = 0;
			defaultConfigurationName = Release;
		};
		D6F114801E6B0BF900D27054 /* Build configuration list for PBXNativeTarget "MoleNotesUITests" */ = {
			isa = XCConfigurationList;
			buildConfigurations = (
				D6F114811E6B0BF900D27054 /* Debug */,
				D6F114821E6B0BF900D27054 /* Release */,
			);
			defaultConfigurationIsVisible = 0;
			defaultConfigurationName = Release;
		};
/* End XCConfigurationList section */

/* Begin XCVersionGroup section */
		D52DEC891EA5ABB20047A3B8 /* MLNoteDatas.xcdatamodeld */ = {
			isa = XCVersionGroup;
			children = (
				D57C38CE1EA5FC7E0000F29F /* MLNoteDatas 2.xcdatamodel */,
				D52DEC8A1EA5ABB20047A3B8 /* MLNoteDatas.xcdatamodel */,
			);
			currentVersion = D52DEC8A1EA5ABB20047A3B8 /* MLNoteDatas.xcdatamodel */;
			path = MLNoteDatas.xcdatamodeld;
			sourceTree = "<group>";
			versionGroupType = wrapper.xcdatamodel;
		};
/* End XCVersionGroup section */
	};
	rootObject = D6F114451E6B0BF700D27054 /* Project object */;
}
